# THIS IS AN AUTOGENERATED FILE. DO NOT EDIT THIS FILE DIRECTLY.
# yarn lockfile v1


create-next-app@^13.4.10:
  version "13.4.10"
  resolved "https://registry.yarnpkg.com/create-next-app/-/create-next-app-13.4.10.tgz#69b16611825fae1f53e7cfe8f9b5d1d6050d2656"
  integrity sha512-gWX2iCNZcPBf3hZ44HSXUxVOnvYEGh+2Sf5ks4nQjLtQXtg1huhmPFc0sZTmXvcSFvarBLtIS+VIs5qXgSsmIQ==

create-vite@^4.3.2:
  version "4.3.2"
  resolved "https://registry.yarnpkg.com/create-vite/-/create-vite-4.3.2.tgz#c4abb0a29611e51af6abc2fdc3479d1cfc8ce489"
  integrity sha512-06SE3okEJD9r792cY1ZvtNVZgiVx8+mrx4Vfph8+GTVjwStAc4noSEvBLy9CJaeAVhpKBWBbc3Wzl1gUoScVvA==
